{
    "_readme": [
        "This file locks the dependencies of your project to a known state",
        "Read more about it at https://getcomposer.org/doc/01-basic-usage.md#installing-dependencies",
        "This file is @generated automatically"
    ],
    "content-hash": "e653e00fe19eda8ebe60d0b64a2d3c46",
    "packages": [
        {
            "name": "snipe/banbuilder",
            "version": "2.3.0",
            "source": {
                "type": "git",
                "url": "https://github.com/snipe/banbuilder.git",
                "reference": "621d6d857400983d0fd6cd291f105a835a317748"
            },
            "dist": {
                "type": "zip",
                "url": "https://api.github.com/repos/snipe/banbuilder/zipball/621d6d857400983d0fd6cd291f105a835a317748",
                "reference": "621d6d857400983d0fd6cd291f105a835a317748",
                "shasum": ""
            },
            "require": {
                "php": ">=5.6.0"
            },
            "require-dev": {
                "phpunit/phpunit": "^5.7.0"
            },
            "type": "library",
            "autoload": {
                "psr-4": {
                    "Snipe\\BanBuilder\\": "src/"
                }
            },
            "notification-url": "https://packagist.org/downloads/",
            "license": [
                "AGPL-3.0"
            ],
            "authors": [
                {
                    "name": "snipe",
                    "email": "snipe@snipe.net",
                    "role": "Creator & Developer"
                }
            ],
            "description": "Library to easily handle profanity filtering in PHP projects.",
            "homepage": "http://banbuilder.com",
            "keywords": [
                "filter",
                "language",
                "profanity",
                "strings",
                "swear"
            ],
            "time": "2018-08-30T22:45:56+00:00"
        }
    ],
    "packages-dev": [],
    "aliases": [],
    "minimum-stability": "stable",
    "stability-flags": [],
    "prefer-stable": false,
    "prefer-lowest": false,
    "platform": [],
    "platform-dev": [],
    "plugin-api-version": "1.1.0"
}
